{
  "requires": true,
  "lockfileVersion": 1,
  "dependencies": {
    "ua-parser-js": {
      "version": "0.7.23",
      "resolved": "https://registry.npmjs.org/ua-parser-js/-/ua-parser-js-0.7.23.tgz",
      "integrity": "sha512-m4hvMLxgGHXG3O3fQVAyyAQpZzDOvwnhOTjYz5Xmr7r/+LpkNy3vJXdVRWgd1TkAb7NGROZuSy96CrlNVjA7KA=="
    }
  }
}
